
Microsoft Visual Studio Solution File, Format Version 12.00
# Visual Studio Version 16
VisualStudioVersion = 16.0.30907.101
MinimumVisualStudioVersion = 10.0.40219.1
Project("{FAE04EC0-301F-11D3-BF4B-00C04F79EFBC}") = "HTTP5101Assignment1Navaneeth", "HTTP5101Assignment1Navaneeth\HTTP5101Assignment1Navaneeth.csproj", "{A809C09D-A947-4F2B-9E5F-281EE51FE294}"
EndProject
Global
	GlobalSection(SolutionConfigurationPlatforms) = preSolution
		Debug|Any CPU = Debug|Any CPU
		Release|Any CPU = Release|Any CPU
	EndGlobalSection
	GlobalSection(ProjectConfigurationPlatforms) = postSolution
		{A809C09D-A947-4F2B-9E5F-281EE51FE294}.Debug|Any CPU.ActiveCfg = Debug|Any CPU
		{A809C09D-A947-4F2B-9E5F-281EE51FE294}.Debug|Any CPU.Build.0 = Debug|Any CPU
		{A809C09D-A947-4F2B-9E5F-281EE51FE294}.Release|Any CPU.ActiveCfg = Release|Any CPU
		{A809C09D-A947-4F2B-9E5F-281EE51FE294}.Release|Any CPU.Build.0 = Release|Any CPU
	EndGlobalSection
	GlobalSection(SolutionProperties) = preSolution
		HideSolutionNode = FALSE
	EndGlobalSection
	GlobalSection(ExtensibilityGlobals) = postSolution
		SolutionGuid = {AB1D75A1-695D-451E-9F62-BFEB57BB9533}
	EndGlobalSection
EndGlobal
